{
  "name": "@tasks/Kinexon",
  "lockfileVersion": 2,
  "requires": true,
  "packages": {
    "": {
      "dependencies": {
        "@scena/react-guides": "^0.17.1"
      }
    },
    "node_modules/@daybrush/utils": {
      "version": "1.6.0",
      "resolved": "https://registry.npmjs.org/@daybrush/utils/-/utils-1.6.0.tgz",
      "integrity": "sha512-9MjMoOLl1U+l8lXByN3BbLZXf+mktoLyeb6t78Jz2WZ7LRldK0FNg8oW//9giO2hHCUyxS7LX6jS1hToGIfRWA=="
    },
    "node_modules/@scena/event-emitter": {
      "version": "1.0.5",
      "resolved": "https://registry.npmjs.org/@scena/event-emitter/-/event-emitter-1.0.5.tgz",
      "integrity": "sha512-AzY4OTb0+7ynefmWFQ6hxDdk0CySAq/D4efljfhtRHCOP7MBF9zUfhKG3TJiroVjASqVgkRJFdenS8ArZo6Olg==",
      "dependencies": {
        "@daybrush/utils": "^1.1.1"
      }
    },
    "node_modules/@scena/matrix": {
      "version": "1.1.1",
      "resolved": "https://registry.npmjs.org/@scena/matrix/-/matrix-1.1.1.tgz",
      "integrity": "sha512-JVKBhN0tm2Srl+Yt+Ywqu0oLgLcdemDQlD1OxmN9jaCTwaFPZ7tY8n6dhVgMEaR9qcR7r+kAlMXnSfNyYdE+Vg==",
      "dependencies": {
        "@daybrush/utils": "^1.4.0"
      }
    },
    "node_modules/@scena/react-guides": {
      "version": "0.17.1",
      "resolved": "https://registry.npmjs.org/@scena/react-guides/-/react-guides-0.17.1.tgz",
      "integrity": "sha512-qmVKDw681kdsLvirevHPQ9jQy7aenQDy8VNsMdFgsak9GS/GcZz6wBT8lqp6otmQ5oEFjS7+4ZyFsH3tpMiDSQ==",
      "dependencies": {
        "@daybrush/utils": "^1.4.0",
        "@scena/react-ruler": "^0.9.1",
        "css-to-mat": "^1.0.3",
        "framework-utils": "^1.1.0",
        "gesto": "^1.5.1",
        "react-css-styled": "^1.0.2"
      }
    },
    "node_modules/@scena/react-ruler": {
      "version": "0.9.1",
      "resolved": "https://registry.npmjs.org/@scena/react-ruler/-/react-ruler-0.9.1.tgz",
      "integrity": "sha512-OO3KvUWrY1Wi9JL8uVVf7BLM4UyqEWFkJ0CHVcAWmbKWyDaOCWi4cnqb0s7mOtb57jftylUM56U1vaXdQ+51OQ==",
      "dependencies": {
        "@daybrush/utils": "^1.6.0",
        "framework-utils": "^1.1.0"
      }
    },
    "node_modules/css-styled": {
      "version": "1.0.0",
      "resolved": "https://registry.npmjs.org/css-styled/-/css-styled-1.0.0.tgz",
      "integrity": "sha512-lDdPvM2/djv+La110zVY3RGQ7X4OOlzLS+IEjRcn8UlUmJd1+GNcGfDFmsKWwnLBupsY1w0QM1gRgV4RdcCjfw==",
      "dependencies": {
        "@daybrush/utils": "^1.0.0",
        "string-hash": "^1.1.3"
      },
      "peerDependencies": {
        "@daybrush/utils": ">=1.0.0"
      }
    },
    "node_modules/css-to-mat": {
      "version": "1.0.3",
      "resolved": "https://registry.npmjs.org/css-to-mat/-/css-to-mat-1.0.3.tgz",
      "integrity": "sha512-HADRhVqPc8wFqEp6ClK+uuPYg+FMBinNo2ReLyI/KQCncmHPJ60o5zldyJG7NjsTqXWbdfGJO51jnoxfMvWJiA==",
      "dependencies": {
        "@daybrush/utils": "^1.3.1",
        "@scena/matrix": "^1.0.0"
      }
    },
    "node_modules/framework-utils": {
      "version": "1.1.0",
      "resolved": "https://registry.npmjs.org/framework-utils/-/framework-utils-1.1.0.tgz",
      "integrity": "sha512-KAfqli5PwpFJ8o3psRNs8svpMGyCSAe8nmGcjQ0zZBWN2H6dZDnq+ABp3N3hdUmFeMrLtjOCTXD4yplUJIWceg=="
    },
    "node_modules/gesto": {
      "version": "1.6.0",
      "resolved": "https://registry.npmjs.org/gesto/-/gesto-1.6.0.tgz",
      "integrity": "sha512-QysblT+AURHidgoTKxzz7i/TjvvJSVKCm/+nkCfC8KxiLdbBB8QQ3jwaOVpDINCX02AldnCiiP4lpFL/MjaBeA==",
      "dependencies": {
        "@daybrush/utils": "^1.0.0",
        "@scena/event-emitter": "^1.0.2"
      }
    },
    "node_modules/react-css-styled": {
      "version": "1.0.3",
      "resolved": "https://registry.npmjs.org/react-css-styled/-/react-css-styled-1.0.3.tgz",
      "integrity": "sha512-6H3aZPO66PYmYg9wx12WzOJpPlBEdA7O5JefCh+4SldlihVKBCxA6mityfWSGWL5ldOkJdHJWGwHR6nGPcVm+A==",
      "dependencies": {
        "css-styled": "^1.0.0",
        "framework-utils": "^1.1.0"
      }
    },
    "node_modules/string-hash": {
      "version": "1.1.3",
      "resolved": "https://registry.npmjs.org/string-hash/-/string-hash-1.1.3.tgz",
      "integrity": "sha1-6Kr8CsGFW0Zmkp7X3RJ1311sgRs="
    }
  },
  "dependencies": {
    "@daybrush/utils": {
      "version": "1.6.0",
      "resolved": "https://registry.npmjs.org/@daybrush/utils/-/utils-1.6.0.tgz",
      "integrity": "sha512-9MjMoOLl1U+l8lXByN3BbLZXf+mktoLyeb6t78Jz2WZ7LRldK0FNg8oW//9giO2hHCUyxS7LX6jS1hToGIfRWA=="
    },
    "@scena/event-emitter": {
      "version": "1.0.5",
      "resolved": "https://registry.npmjs.org/@scena/event-emitter/-/event-emitter-1.0.5.tgz",
      "integrity": "sha512-AzY4OTb0+7ynefmWFQ6hxDdk0CySAq/D4efljfhtRHCOP7MBF9zUfhKG3TJiroVjASqVgkRJFdenS8ArZo6Olg==",
      "requires": {
        "@daybrush/utils": "^1.1.1"
      }
    },
    "@scena/matrix": {
      "version": "1.1.1",
      "resolved": "https://registry.npmjs.org/@scena/matrix/-/matrix-1.1.1.tgz",
      "integrity": "sha512-JVKBhN0tm2Srl+Yt+Ywqu0oLgLcdemDQlD1OxmN9jaCTwaFPZ7tY8n6dhVgMEaR9qcR7r+kAlMXnSfNyYdE+Vg==",
      "requires": {
        "@daybrush/utils": "^1.4.0"
      }
    },
    "@scena/react-guides": {
      "version": "0.17.1",
      "resolved": "https://registry.npmjs.org/@scena/react-guides/-/react-guides-0.17.1.tgz",
      "integrity": "sha512-qmVKDw681kdsLvirevHPQ9jQy7aenQDy8VNsMdFgsak9GS/GcZz6wBT8lqp6otmQ5oEFjS7+4ZyFsH3tpMiDSQ==",
      "requires": {
        "@daybrush/utils": "^1.4.0",
        "@scena/react-ruler": "^0.9.1",
        "css-to-mat": "^1.0.3",
        "framework-utils": "^1.1.0",
        "gesto": "^1.5.1",
        "react-css-styled": "^1.0.2"
      }
    },
    "@scena/react-ruler": {
      "version": "0.9.1",
      "resolved": "https://registry.npmjs.org/@scena/react-ruler/-/react-ruler-0.9.1.tgz",
      "integrity": "sha512-OO3KvUWrY1Wi9JL8uVVf7BLM4UyqEWFkJ0CHVcAWmbKWyDaOCWi4cnqb0s7mOtb57jftylUM56U1vaXdQ+51OQ==",
      "requires": {
        "@daybrush/utils": "^1.6.0",
        "framework-utils": "^1.1.0"
      }
    },
    "css-styled": {
      "version": "1.0.0",
      "resolved": "https://registry.npmjs.org/css-styled/-/css-styled-1.0.0.tgz",
      "integrity": "sha512-lDdPvM2/djv+La110zVY3RGQ7X4OOlzLS+IEjRcn8UlUmJd1+GNcGfDFmsKWwnLBupsY1w0QM1gRgV4RdcCjfw==",
      "requires": {
        "@daybrush/utils": "^1.0.0",
        "string-hash": "^1.1.3"
      }
    },
    "css-to-mat": {
      "version": "1.0.3",
      "resolved": "https://registry.npmjs.org/css-to-mat/-/css-to-mat-1.0.3.tgz",
      "integrity": "sha512-HADRhVqPc8wFqEp6ClK+uuPYg+FMBinNo2ReLyI/KQCncmHPJ60o5zldyJG7NjsTqXWbdfGJO51jnoxfMvWJiA==",
      "requires": {
        "@daybrush/utils": "^1.3.1",
        "@scena/matrix": "^1.0.0"
      }
    },
    "framework-utils": {
      "version": "1.1.0",
      "resolved": "https://registry.npmjs.org/framework-utils/-/framework-utils-1.1.0.tgz",
      "integrity": "sha512-KAfqli5PwpFJ8o3psRNs8svpMGyCSAe8nmGcjQ0zZBWN2H6dZDnq+ABp3N3hdUmFeMrLtjOCTXD4yplUJIWceg=="
    },
    "gesto": {
      "version": "1.6.0",
      "resolved": "https://registry.npmjs.org/gesto/-/gesto-1.6.0.tgz",
      "integrity": "sha512-QysblT+AURHidgoTKxzz7i/TjvvJSVKCm/+nkCfC8KxiLdbBB8QQ3jwaOVpDINCX02AldnCiiP4lpFL/MjaBeA==",
      "requires": {
        "@daybrush/utils": "^1.0.0",
        "@scena/event-emitter": "^1.0.2"
      }
    },
    "react-css-styled": {
      "version": "1.0.3",
      "resolved": "https://registry.npmjs.org/react-css-styled/-/react-css-styled-1.0.3.tgz",
      "integrity": "sha512-6H3aZPO66PYmYg9wx12WzOJpPlBEdA7O5JefCh+4SldlihVKBCxA6mityfWSGWL5ldOkJdHJWGwHR6nGPcVm+A==",
      "requires": {
        "css-styled": "^1.0.0",
        "framework-utils": "^1.1.0"
      }
    },
    "string-hash": {
      "version": "1.1.3",
      "resolved": "https://registry.npmjs.org/string-hash/-/string-hash-1.1.3.tgz",
      "integrity": "sha1-6Kr8CsGFW0Zmkp7X3RJ1311sgRs="
    }
  }
}
